// !$*UTF8*$!
{
	archiveVersion = 1;
	classes = {
	};
	objectVersion = 55;
	objects = {

/* Begin PBXBuildFile section */
		8F435222285781DF00260D9F /* AppDelegate.swift in Sources */ = {isa = PBXBuildFile; fileRef = 8F435221285781DF00260D9F /* AppDelegate.swift */; };
		8F435224285781DF00260D9F /* SceneDelegate.swift in Sources */ = {isa = PBXBuildFile; fileRef = 8F435223285781DF00260D9F /* SceneDelegate.swift */; };
		8F435229285781DF00260D9F /* Main.storyboard in Resources */ = {isa = PBXBuildFile; fileRef = 8F435227285781DF00260D9F /* Main.storyboard */; };
		8F43522C285781DF00260D9F /* ToDo.xcdatamodeld in Sources */ = {isa = PBXBuildFile; fileRef = 8F43522A285781DF00260D9F /* ToDo.xcdatamodeld */; };
		8F43522E285781EB00260D9F /* Assets.xcassets in Resources */ = {isa = PBXBuildFile; fileRef = 8F43522D285781EB00260D9F /* Assets.xcassets */; };
		8F435231285781EB00260D9F /* LaunchScreen.storyboard in Resources */ = {isa = PBXBuildFile; fileRef = 8F43522F285781EB00260D9F /* LaunchScreen.storyboard */; };
		8F43523C285781EC00260D9F /* ToDoTests.swift in Sources */ = {isa = PBXBuildFile; fileRef = 8F43523B285781EC00260D9F /* ToDoTests.swift */; };
		8F435246285781EC00260D9F /* ToDoUITests.swift in Sources */ = {isa = PBXBuildFile; fileRef = 8F435245285781EC00260D9F /* ToDoUITests.swift */; };
		8F435248285781EC00260D9F /* ToDoUITestsLaunchTests.swift in Sources */ = {isa = PBXBuildFile; fileRef = 8F435247285781EC00260D9F /* ToDoUITestsLaunchTests.swift */; };
		8FE5C5842857BD20000E3D40 /* ToDoTableViewController.swift in Sources */ = {isa = PBXBuildFile; fileRef = 8FE5C5832857BD20000E3D40 /* ToDoTableViewController.swift */; };
		8FE5C5862857BD92000E3D40 /* ToDo.swift in Sources */ = {isa = PBXBuildFile; fileRef = 8FE5C5852857BD92000E3D40 /* ToDo.swift */; };
/* End PBXBuildFile section */

/* Begin PBXContainerItemProxy section */
		8F435238285781EC00260D9F /* PBXContainerItemProxy */ = {
			isa = PBXContainerItemProxy;
			containerPortal = 8F435216285781DF00260D9F /* Project object */;
			proxyType = 1;
			remoteGlobalIDString = 8F43521D285781DF00260D9F;
			remoteInfo = ToDo;
		};
		8F435242285781EC00260D9F /* PBXContainerItemProxy */ = {
			isa = PBXContainerItemProxy;
			containerPortal = 8F435216285781DF00260D9F /* Project object */;
			proxyType = 1;
			remoteGlobalIDString = 8F43521D285781DF00260D9F;
			remoteInfo = ToDo;
		};
/* End PBXContainerItemProxy section */

/* Begin PBXFileReference section */
		8F43521E285781DF00260D9F /* ToDo.app */ = {isa = PBXFileReference; explicitFileType = wrapper.application; includeInIndex = 0; path = ToDo.app; sourceTree = BUILT_PRODUCTS_DIR; };
		8F435221285781DF00260D9F /* AppDelegate.swift */ = {isa = PBXFileReference; lastKnownFileType = sourcecode.swift; path = AppDelegate.swift; sourceTree = "<group>"; };
		8F435223285781DF00260D9F /* SceneDelegate.swift */ = {isa = PBXFileReference; lastKnownFileType = sourcecode.swift; path = SceneDelegate.swift; sourceTree = "<group>"; };
		8F435228285781DF00260D9F /* Base */ = {isa = PBXFileReference; lastKnownFileType = file.storyboard; name = Base; path = Base.lproj/Main.storyboard; sourceTree = "<group>"; };
		8F43522B285781DF00260D9F /* ToDo.xcdatamodel */ = {isa = PBXFileReference; lastKnownFileType = wrapper.xcdatamodel; path = ToDo.xcdatamodel; sourceTree = "<group>"; };
		8F43522D285781EB00260D9F /* Assets.xcassets */ = {isa = PBXFileReference; lastKnownFileType = folder.assetcatalog; path = Assets.xcassets; sourceTree = "<group>"; };
		8F435230285781EB00260D9F /* Base */ = {isa = PBXFileReference; lastKnownFileType = file.storyboard; name = Base; path = Base.lproj/LaunchScreen.storyboard; sourceTree = "<group>"; };
		8F435232285781EB00260D9F /* Info.plist */ = {isa = PBXFileReference; lastKnownFileType = text.plist.xml; path = Info.plist; sourceTree = "<group>"; };
		8F435237285781EC00260D9F /* ToDoTests.xctest */ = {isa = PBXFileReference; explicitFileType = wrapper.cfbundle; includeInIndex = 0; path = ToDoTests.xctest; sourceTree = BUILT_PRODUCTS_DIR; };
		8F43523B285781EC00260D9F /* ToDoTests.swift */ = {isa = PBXFileReference; lastKnownFileType = sourcecode.swift; path = ToDoTests.swift; sourceTree = "<group>"; };
		8F435241285781EC00260D9F /* ToDoUITests.xctest */ = {isa = PBXFileReference; explicitFileType = wrapper.cfbundle; includeInIndex = 0; path = ToDoUITests.xctest; sourceTree = BUILT_PRODUCTS_DIR; };
		8F435245285781EC00260D9F /* ToDoUITests.swift */ = {isa = PBXFileReference; lastKnownFileType = sourcecode.swift; path = ToDoUITests.swift; sourceTree = "<group>"; };
		8F435247285781EC00260D9F /* ToDoUITestsLaunchTests.swift */ = {isa = PBXFileReference; lastKnownFileType = sourcecode.swift; path = ToDoUITestsLaunchTests.swift; sourceTree = "<group>"; };
		8FE5C5832857BD20000E3D40 /* ToDoTableViewController.swift */ = {isa = PBXFileReference; lastKnownFileType = sourcecode.swift; path = ToDoTableViewController.swift; sourceTree = "<group>"; };
		8FE5C5852857BD92000E3D40 /* ToDo.swift */ = {isa = PBXFileReference; lastKnownFileType = sourcecode.swift; path = ToDo.swift; sourceTree = "<group>"; };
/* End PBXFileReference section */

/* Begin PBXFrameworksBuildPhase section */
		8F43521B285781DF00260D9F /* Frameworks */ = {
			isa = PBXFrameworksBuildPhase;
			buildActionMask = 2147483647;
			files = (
			);
			runOnlyForDeploymentPostprocessing = 0;
		};
		8F435234285781EC00260D9F /* Frameworks */ = {
			isa = PBXFrameworksBuildPhase;
			buildActionMask = 2147483647;
			files = (
			);
			runOnlyForDeploymentPostprocessing = 0;
		};
		8F43523E285781EC00260D9F /* Frameworks */ = {
			isa = PBXFrameworksBuildPhase;
			buildActionMask = 2147483647;
			files = (
			);
			runOnlyForDeploymentPostprocessing = 0;
		};
/* End PBXFrameworksBuildPhase section */

/* Begin PBXGroup section */
		8F435215285781DF00260D9F = {
			isa = PBXGroup;
			children = (
				8F435220285781DF00260D9F /* ToDo */,
				8F43523A285781EC00260D9F /* ToDoTests */,
				8F435244285781EC00260D9F /* ToDoUITests */,
				8F43521F285781DF00260D9F /* Products */,
			);
			sourceTree = "<group>";
		};
		8F43521F285781DF00260D9F /* Products */ = {
			isa = PBXGroup;
			children = (
				8F43521E285781DF00260D9F /* ToDo.app */,
				8F435237285781EC00260D9F /* ToDoTests.xctest */,
				8F435241285781EC00260D9F /* ToDoUITests.xctest */,
			);
			name = Products;
			sourceTree = "<group>";
		};
		8F435220285781DF00260D9F /* ToDo */ = {
			isa = PBXGroup;
			children = (
				8F435221285781DF00260D9F /* AppDelegate.swift */,
				8F435223285781DF00260D9F /* SceneDelegate.swift */,
				8F435227285781DF00260D9F /* Main.storyboard */,
				8F43522D285781EB00260D9F /* Assets.xcassets */,
				8F43522F285781EB00260D9F /* LaunchScreen.storyboard */,
				8F435232285781EB00260D9F /* Info.plist */,
				8F43522A285781DF00260D9F /* ToDo.xcdatamodeld */,
				8FE5C5832857BD20000E3D40 /* ToDoTableViewController.swift */,
				8FE5C5852857BD92000E3D40 /* ToDo.swift */,
			);
			path = ToDo;
			sourceTree = "<group>";
		};
		8F43523A285781EC00260D9F /* ToDoTests */ = {
			isa = PBXGroup;
			children = (
				8F43523B285781EC00260D9F /* ToDoTests.swift */,
			);
			path = ToDoTests;
			sourceTree = "<group>";
		};
		8F435244285781EC00260D9F /* ToDoUITests */ = {
			isa = PBXGroup;
			children = (
				8F435245285781EC00260D9F /* ToDoUITests.swift */,
				8F435247285781EC00260D9F /* ToDoUITestsLaunchTests.swift */,
			);
			path = ToDoUITests;
			sourceTree = "<group>";
		};
/* End PBXGroup section */

/* Begin PBXNativeTarget section */
		8F43521D285781DF00260D9F /* ToDo */ = {
			isa = PBXNativeTarget;
			buildConfigurationList = 8F43524B285781EC00260D9F /* Build configuration list for PBXNativeTarget "ToDo" */;
			buildPhases = (
				8F43521A285781DF00260D9F /* Sources */,
				8F43521B285781DF00260D9F /* Frameworks */,
				8F43521C285781DF00260D9F /* Resources */,
			);
			buildRules = (
			);
			dependencies = (
			);
			name = ToDo;
			productName = ToDo;
			productReference = 8F43521E285781DF00260D9F /* ToDo.app */;
			productType = "com.apple.product-type.application";
		};
		8F435236285781EC00260D9F /* ToDoTests */ = {
			isa = PBXNativeTarget;
			buildConfigurationList = 8F43524E285781EC00260D9F /* Build configuration list for PBXNativeTarget "ToDoTests" */;
			buildPhases = (
				8F435233285781EC00260D9F /* Sources */,
				8F435234285781EC00260D9F /* Frameworks */,
				8F435235285781EC00260D9F /* Resources */,
			);
			buildRules = (
			);
			dependencies = (
				8F435239285781EC00260D9F /* PBXTargetDependency */,
			);
			name = ToDoTests;
			productName = ToDoTests;
			productReference = 8F435237285781EC00260D9F /* ToDoTests.xctest */;
			productType = "com.apple.product-type.bundle.unit-test";
		};
		8F435240285781EC00260D9F /* ToDoUITests */ = {
			isa = PBXNativeTarget;
			buildConfigurationList = 8F435251285781EC00260D9F /* Build configuration list for PBXNativeTarget "ToDoUITests" */;
			buildPhases = (
				8F43523D285781EC00260D9F /* Sources */,
				8F43523E285781EC00260D9F /* Frameworks */,
				8F43523F285781EC00260D9F /* Resources */,
			);
			buildRules = (
			);
			dependencies = (
				8F435243285781EC00260D9F /* PBXTargetDependency */,
			);
			name = ToDoUITests;
			productName = ToDoUITests;
			productReference = 8F435241285781EC00260D9F /* ToDoUITests.xctest */;
			productType = "com.apple.product-type.bundle.ui-testing";
		};
/* End PBXNativeTarget section */

/* Begin PBXProject section */
		8F435216285781DF00260D9F /* Project object */ = {
			isa = PBXProject;
			attributes = {
				BuildIndependentTargetsInParallel = 1;
				LastSwiftUpdateCheck = 1340;
				LastUpgradeCheck = 1340;
				TargetAttributes = {
					8F43521D285781DF00260D9F = {
						CreatedOnToolsVersion = 13.4.1;
					};
					8F435236285781EC00260D9F = {
						CreatedOnToolsVersion = 13.4.1;
						TestTargetID = 8F43521D285781DF00260D9F;
					};
					8F435240285781EC00260D9F = {
						CreatedOnToolsVersion = 13.4.1;
						TestTargetID = 8F43521D285781DF00260D9F;
					};
				};
			};
			buildConfigurationList = 8F435219285781DF00260D9F /* Build configuration list for PBXProject "ToDo" */;
			compatibilityVersion = "Xcode 13.0";
			developmentRegion = en;
			hasScannedForEncodings = 0;
			knownRegions = (
				en,
				Base,
			);
			mainGroup = 8F435215285781DF00260D9F;
			productRefGroup = 8F43521F285781DF00260D9F /* Products */;
			projectDirPath = "";
			projectRoot = "";
			targets = (
				8F43521D285781DF00260D9F /* ToDo */,
				8F435236285781EC00260D9F /* ToDoTests */,
				8F435240285781EC00260D9F /* ToDoUITests */,
			);
		};
/* End PBXProject section */

/* Begin PBXResourcesBuildPhase section */
		8F43521C285781DF00260D9F /* Resources */ = {
			isa = PBXResourcesBuildPhase;
			buildActionMask = 2147483647;
			files = (
				8F435231285781EB00260D9F /* LaunchScreen.storyboard in Resources */,
				8F43522E285781EB00260D9F /* Assets.xcassets in Resources */,
				8F435229285781DF00260D9F /* Main.storyboard in Resources */,
			);
			runOnlyForDeploymentPostprocessing = 0;
		};
		8F435235285781EC00260D9F /* Resources */ = {
			isa = PBXResourcesBuildPhase;
			buildActionMask = 2147483647;
			files = (
			);
			runOnlyForDeploymentPostprocessing = 0;
		};
		8F43523F285781EC00260D9F /* Resources */ = {
			isa = PBXResourcesBuildPhase;
			buildActionMask = 2147483647;
			files = (
			);
			runOnlyForDeploymentPostprocessing = 0;
		};
/* End PBXResourcesBuildPhase section */

/* Begin PBXSourcesBuildPhase section */
		8F43521A285781DF00260D9F /* Sources */ = {
			isa = PBXSourcesBuildPhase;
			buildActionMask = 2147483647;
			files = (
				8FE5C5862857BD92000E3D40 /* ToDo.swift in Sources */,
				8FE5C5842857BD20000E3D40 /* ToDoTableViewController.swift in Sources */,
				8F435222285781DF00260D9F /* AppDelegate.swift in Sources */,
				8F435224285781DF00260D9F /* SceneDelegate.swift in Sources */,
				8F43522C285781DF00260D9F /* ToDo.xcdatamodeld in Sources */,
			);
			runOnlyForDeploymentPostprocessing = 0;
		};
		8F435233285781EC00260D9F /* Sources */ = {
			isa = PBXSourcesBuildPhase;
			buildActionMask = 2147483647;
			files = (
				8F43523C285781EC00260D9F /* ToDoTests.swift in Sources */,
			);
			runOnlyForDeploymentPostprocessing = 0;
		};
		8F43523D285781EC00260D9F /* Sources */ = {
			isa = PBXSourcesBuildPhase;
			buildActionMask = 2147483647;
			files = (
				8F435248285781EC00260D9F /* ToDoUITestsLaunchTests.swift in Sources */,
				8F435246285781EC00260D9F /* ToDoUITests.swift in Sources */,
			);
			runOnlyForDeploymentPostprocessing = 0;
		};
/* End PBXSourcesBuildPhase section */

/* Begin PBXTargetDependency section */
		8F435239285781EC00260D9F /* PBXTargetDependency */ = {
			isa = PBXTargetDependency;
			target = 8F43521D285781DF00260D9F /* ToDo */;
			targetProxy = 8F435238285781EC00260D9F /* PBXContainerItemProxy */;
		};
		8F435243285781EC00260D9F /* PBXTargetDependency */ = {
			isa = PBXTargetDependency;
			target = 8F43521D285781DF00260D9F /* ToDo */;
			targetProxy = 8F435242285781EC00260D9F /* PBXContainerItemProxy */;
		};
/* End PBXTargetDependency section */

/* Begin PBXVariantGroup section */
		8F435227285781DF00260D9F /* Main.storyboard */ = {
			isa = PBXVariantGroup;
			children = (
				8F435228285781DF00260D9F /* Base */,
			);
			name = Main.storyboard;
			sourceTree = "<group>";
		};
		8F43522F285781EB00260D9F /* LaunchScreen.storyboard */ = {
			isa = PBXVariantGroup;
			children = (
				8F435230285781EB00260D9F /* Base */,
			);
			name = LaunchScreen.storyboard;
			sourceTree = "<group>";
		};
/* End PBXVariantGroup section */

/* Begin XCBuildConfiguration section */
		8F435249285781EC00260D9F /* Debug */ = {
			isa = XCBuildConfiguration;
			buildSettings = {
				ALWAYS_SEARCH_USER_PATHS = NO;
				CLANG_ANALYZER_NONNULL = YES;
				CLANG_ANALYZER_NUMBER_OBJECT_CONVERSION = YES_AGGRESSIVE;
				CLANG_CXX_LANGUAGE_STANDARD = "gnu++17";
				CLANG_ENABLE_MODULES = YES;
				CLANG_ENABLE_OBJC_ARC = YES;
				CLANG_ENABLE_OBJC_WEAK = YES;
				CLANG_WARN_BLOCK_CAPTURE_AUTORELEASING = YES;
				CLANG_WARN_BOOL_CONVERSION = YES;
				CLANG_WARN_COMMA = YES;
				CLANG_WARN_CONSTANT_CONVERSION = YES;
				CLANG_WARN_DEPRECATED_OBJC_IMPLEMENTATIONS = YES;
				CLANG_WARN_DIRECT_OBJC_ISA_USAGE = YES_ERROR;
				CLANG_WARN_DOCUMENTATION_COMMENTS = YES;
				CLANG_WARN_EMPTY_BODY = YES;
				CLANG_WARN_ENUM_CONVERSION = YES;
				CLANG_WARN_INFINITE_RECURSION = YES;
				CLANG_WARN_INT_CONVERSION = YES;
				CLANG_WARN_NON_LITERAL_NULL_CONVERSION = YES;
				CLANG_WARN_OBJC_IMPLICIT_RETAIN_SELF = YES;
				CLANG_WARN_OBJC_LITERAL_CONVERSION = YES;
				CLANG_WARN_OBJC_ROOT_CLASS = YES_ERROR;
				CLANG_WARN_QUOTED_INCLUDE_IN_FRAMEWORK_HEADER = YES;
				CLANG_WARN_RANGE_LOOP_ANALYSIS = YES;
				CLANG_WARN_STRICT_PROTOTYPES = YES;
				CLANG_WARN_SUSPICIOUS_MOVE = YES;
				CLANG_WARN_UNGUARDED_AVAILABILITY = YES_AGGRESSIVE;
				CLANG_WARN_UNREACHABLE_CODE = YES;
				CLANG_WARN__DUPLICATE_METHOD_MATCH = YES;
				COPY_PHASE_STRIP = NO;
				DEBUG_INFORMATION_FORMAT = dwarf;
				ENABLE_STRICT_OBJC_MSGSEND = YES;
				ENABLE_TESTABILITY = YES;
				GCC_C_LANGUAGE_STANDARD = gnu11;
				GCC_DYNAMIC_NO_PIC = NO;
				GCC_NO_COMMON_BLOCKS = YES;
				GCC_OPTIMIZATION_LEVEL = 0;
				GCC_PREPROCESSOR_DEFINITIONS = (
					"DEBUG=1",
					"$(inherited)",
				);
				GCC_WARN_64_TO_32_BIT_CONVERSION = YES;
				GCC_WARN_ABOUT_RETURN_TYPE = YES_ERROR;
				GCC_WARN_UNDECLARED_SELECTOR = YES;
				GCC_WARN_UNINITIALIZED_AUTOS = YES_AGGRESSIVE;
				GCC_WARN_UNUSED_FUNCTION = YES;
				GCC_WARN_UNUSED_VARIABLE = YES;
				IPHONEOS_DEPLOYMENT_TARGET = 15.5;
				MTL_ENABLE_DEBUG_INFO = INCLUDE_SOURCE;
				MTL_FAST_MATH = YES;
				ONLY_ACTIVE_ARCH = YES;
				SDKROOT = iphoneos;
				SWIFT_ACTIVE_COMPILATION_CONDITIONS = DEBUG;
				SWIFT_OPTIMIZATION_LEVEL = "-Onone";
			};
			name = Debug;
		};
		8F43524A285781EC00260D9F /* Release */ = {
			isa = XCBuildConfiguration;
			buildSettings = {
				ALWAYS_SEARCH_USER_PATHS = NO;
				CLANG_ANALYZER_NONNULL = YES;
				CLANG_ANALYZER_NUMBER_OBJECT_CONVERSION = YES_AGGRESSIVE;
				CLANG_CXX_LANGUAGE_STANDARD = "gnu++17";
				CLANG_ENABLE_MODULES = YES;
				CLANG_ENABLE_OBJC_ARC = YES;
				CLANG_ENABLE_OBJC_WEAK = YES;
				CLANG_WARN_BLOCK_CAPTURE_AUTORELEASING = YES;
				CLANG_WARN_BOOL_CONVERSION = YES;
				CLANG_WARN_COMMA = YES;
				CLANG_WARN_CONSTANT_CONVERSION = YES;
				CLANG_WARN_DEPRECATED_OBJC_IMPLEMENTATIONS = YES;
				CLANG_WARN_DIRECT_OBJC_ISA_USAGE = YES_ERROR;
				CLANG_WARN_DOCUMENTATION_COMMENTS = YES;
				CLANG_WARN_EMPTY_BODY = YES;
				CLANG_WARN_ENUM_CONVERSION = YES;
				CLANG_WARN_INFINITE_RECURSION = YES;
				CLANG_WARN_INT_CONVERSION = YES;
				CLANG_WARN_NON_LITERAL_NULL_CONVERSION = YES;
				CLANG_WARN_OBJC_IMPLICIT_RETAIN_SELF = YES;
				CLANG_WARN_OBJC_LITERAL_CONVERSION = YES;
				CLANG_WARN_OBJC_ROOT_CLASS = YES_ERROR;
				CLANG_WARN_QUOTED_INCLUDE_IN_FRAMEWORK_HEADER = YES;
				CLANG_WARN_RANGE_LOOP_ANALYSIS = YES;
				CLANG_WARN_STRICT_PROTOTYPES = YES;
				CLANG_WARN_SUSPICIOUS_MOVE = YES;
				CLANG_WARN_UNGUARDED_AVAILABILITY = YES_AGGRESSIVE;
				CLANG_WARN_UNREACHABLE_CODE = YES;
				CLANG_WARN__DUPLICATE_METHOD_MATCH = YES;
				COPY_PHASE_STRIP = NO;
				DEBUG_INFORMATION_FORMAT = "dwarf-with-dsym";
				ENABLE_NS_ASSERTIONS = NO;
				ENABLE_STRICT_OBJC_MSGSEND = YES;
				GCC_C_LANGUAGE_STANDARD = gnu11;
				GCC_NO_COMMON_BLOCKS = YES;
				GCC_WARN_64_TO_32_BIT_CONVERSION = YES;
				GCC_WARN_ABOUT_RETURN_TYPE = YES_ERROR;
				GCC_WARN_UNDECLARED_SELECTOR = YES;
				GCC_WARN_UNINITIALIZED_AUTOS = YES_AGGRESSIVE;
				GCC_WARN_UNUSED_FUNCTION = YES;
				GCC_WARN_UNUSED_VARIABLE = YES;
				IPHONEOS_DEPLOYMENT_TARGET = 15.5;
				MTL_ENABLE_DEBUG_INFO = NO;
				MTL_FAST_MATH = YES;
				SDKROOT = iphoneos;
				SWIFT_COMPILATION_MODE = wholemodule;
				SWIFT_OPTIMIZATION_LEVEL = "-O";
				VALIDATE_PRODUCT = YES;
			};
			name = Release;
		};
		8F43524C285781EC00260D9F /* Debug */ = {
			isa = XCBuildConfiguration;
			buildSettings = {
				ASSETCATALOG_COMPILER_APPICON_NAME = AppIcon;
				ASSETCATALOG_COMPILER_GLOBAL_ACCENT_COLOR_NAME = AccentColor;
				CODE_SIGN_STYLE = Automatic;
				CURRENT_PROJECT_VERSION = 1;
				DEVELOPMENT_TEAM = 7RQJ2L5963;
				GENERATE_INFOPLIST_FILE = YES;
				INFOPLIST_FILE = ToDo/Info.plist;
				INFOPLIST_KEY_UIApplicationSupportsIndirectInputEvents = YES;
				INFOPLIST_KEY_UILaunchStoryboardName = LaunchScreen;
				INFOPLIST_KEY_UIMainStoryboardFile = Main;
				INFOPLIST_KEY_UISupportedInterfaceOrientations_iPad = "UIInterfaceOrientationPortrait UIInterfaceOrientationPortraitUpsideDown UIInterfaceOrientationLandscapeLeft UIInterfaceOrientationLandscapeRight";
				INFOPLIST_KEY_UISupportedInterfaceOrientations_iPhone = "UIInterfaceOrientationPortrait UIInterfaceOrientationLandscapeLeft UIInterfaceOrientationLandscapeRight";
				LD_RUNPATH_SEARCH_PATHS = (
					"$(inherited)",
					"@executable_path/Frameworks",
				);
				MARKETING_VERSION = 1.0;
				PRODUCT_BUNDLE_IDENTIFIER = Catelyn.ToDo;
				PRODUCT_NAME = "$(TARGET_NAME)";
				SWIFT_EMIT_LOC_STRINGS = YES;
				SWIFT_VERSION = 5.0;
				TARGETED_DEVICE_FAMILY = "1,2";
			};
			name = Debug;
		};
		8F43524D285781EC00260D9F /* Release */ = {
			isa = XCBuildConfiguration;
			buildSettings = {
				ASSETCATALOG_COMPILER_APPICON_NAME = AppIcon;
				ASSETCATALOG_COMPILER_GLOBAL_ACCENT_COLOR_NAME = AccentColor;
				CODE_SIGN_STYLE = Automatic;
				CURRENT_PROJECT_VERSION = 1;
				DEVELOPMENT_TEAM = 7RQJ2L5963;
				GENERATE_INFOPLIST_FILE = YES;
				INFOPLIST_FILE = ToDo/Info.plist;
				INFOPLIST_KEY_UIApplicationSupportsIndirectInputEvents = YES;
				INFOPLIST_KEY_UILaunchStoryboardName = LaunchScreen;
				INFOPLIST_KEY_UIMainStoryboardFile = Main;
				INFOPLIST_KEY_UISupportedInterfaceOrientations_iPad = "UIInterfaceOrientationPortrait UIInterfaceOrientationPortraitUpsideDown UIInterfaceOrientationLandscapeLeft UIInterfaceOrientationLandscapeRight";
				INFOPLIST_KEY_UISupportedInterfaceOrientations_iPhone = "UIInterfaceOrientationPortrait UIInterfaceOrientationLandscapeLeft UIInterfaceOrientationLandscapeRight";
				LD_RUNPATH_SEARCH_PATHS = (
					"$(inherited)",
					"@executable_path/Frameworks",
				);
				MARKETING_VERSION = 1.0;
				PRODUCT_BUNDLE_IDENTIFIER = Catelyn.ToDo;
				PRODUCT_NAME = "$(TARGET_NAME)";
				SWIFT_EMIT_LOC_STRINGS = YES;
				SWIFT_VERSION = 5.0;
				TARGETED_DEVICE_FAMILY = "1,2";
			};
			name = Release;
		};
		8F43524F285781EC00260D9F /* Debug */ = {
			isa = XCBuildConfiguration;
			buildSettings = {
				ALWAYS_EMBED_SWIFT_STANDARD_LIBRARIES = YES;
				BUNDLE_LOADER = "$(TEST_HOST)";
				CODE_SIGN_STYLE = Automatic;
				CURRENT_PROJECT_VERSION = 1;
				DEVELOPMENT_TEAM = 7RQJ2L5963;
				GENERATE_INFOPLIST_FILE = YES;
				IPHONEOS_DEPLOYMENT_TARGET = 15.5;
				MARKETING_VERSION = 1.0;
				PRODUCT_BUNDLE_IDENTIFIER = Catelyn.ToDoTests;
				PRODUCT_NAME = "$(TARGET_NAME)";
				SWIFT_EMIT_LOC_STRINGS = NO;
				SWIFT_VERSION = 5.0;
				TARGETED_DEVICE_FAMILY = "1,2";
				TEST_HOST = "$(BUILT_PRODUCTS_DIR)/ToDo.app/ToDo";
			};
			name = Debug;
		};
		8F435250285781EC00260D9F /* Release */ = {
			isa = XCBuildConfiguration;
			buildSettings = {
				ALWAYS_EMBED_SWIFT_STANDARD_LIBRARIES = YES;
				BUNDLE_LOADER = "$(TEST_HOST)";
				CODE_SIGN_STYLE = Automatic;
				CURRENT_PROJECT_VERSION = 1;
				DEVELOPMENT_TEAM = 7RQJ2L5963;
				GENERATE_INFOPLIST_FILE = YES;
				IPHONEOS_DEPLOYMENT_TARGET = 15.5;
				MARKETING_VERSION = 1.0;
				PRODUCT_BUNDLE_IDENTIFIER = Catelyn.ToDoTests;
				PRODUCT_NAME = "$(TARGET_NAME)";
				SWIFT_EMIT_LOC_STRINGS = NO;
				SWIFT_VERSION = 5.0;
				TARGETED_DEVICE_FAMILY = "1,2";
				TEST_HOST = "$(BUILT_PRODUCTS_DIR)/ToDo.app/ToDo";
			};
			name = Release;
		};
		8F435252285781EC00260D9F /* Debug */ = {
			isa = XCBuildConfiguration;
			buildSettings = {
				ALWAYS_EMBED_SWIFT_STANDARD_LIBRARIES = YES;
				CODE_SIGN_STYLE = Automatic;
				CURRENT_PROJECT_VERSION = 1;
				DEVELOPMENT_TEAM = 7RQJ2L5963;
				GENERATE_INFOPLIST_FILE = YES;
				MARKETING_VERSION = 1.0;
				PRODUCT_BUNDLE_IDENTIFIER = Catelyn.ToDoUITests;
				PRODUCT_NAME = "$(TARGET_NAME)";
				SWIFT_EMIT_LOC_STRINGS = NO;
				SWIFT_VERSION = 5.0;
				TARGETED_DEVICE_FAMILY = "1,2";
				TEST_TARGET_NAME = ToDo;
			};
			name = Debug;
		};
		8F435253285781EC00260D9F /* Release */ = {
			isa = XCBuildConfiguration;
			buildSettings = {
				ALWAYS_EMBED_SWIFT_STANDARD_LIBRARIES = YES;
				CODE_SIGN_STYLE = Automatic;
				CURRENT_PROJECT_VERSION = 1;
				DEVELOPMENT_TEAM = 7RQJ2L5963;
				GENERATE_INFOPLIST_FILE = YES;
				MARKETING_VERSION = 1.0;
				PRODUCT_BUNDLE_IDENTIFIER = Catelyn.ToDoUITests;
				PRODUCT_NAME = "$(TARGET_NAME)";
				SWIFT_EMIT_LOC_STRINGS = NO;
				SWIFT_VERSION = 5.0;
				TARGETED_DEVICE_FAMILY = "1,2";
				TEST_TARGET_NAME = ToDo;
			};
			name = Release;
		};
/* End XCBuildConfiguration section */

/* Begin XCConfigurationList section */
		8F435219285781DF00260D9F /* Build configuration list for PBXProject "ToDo" */ = {
			isa = XCConfigurationList;
			buildConfigurations = (
				8F435249285781EC00260D9F /* Debug */,
				8F43524A285781EC00260D9F /* Release */,
			);
			defaultConfigurationIsVisible = 0;
			defaultConfigurationName = Release;
		};
		8F43524B285781EC00260D9F /* Build configuration list for PBXNativeTarget "ToDo" */ = {
			isa = XCConfigurationList;
			buildConfigurations = (
				8F43524C285781EC00260D9F /* Debug */,
				8F43524D285781EC00260D9F /* Release */,
			);
			defaultConfigurationIsVisible = 0;
			defaultConfigurationName = Release;
		};
		8F43524E285781EC00260D9F /* Build configuration list for PBXNativeTarget "ToDoTests" */ = {
			isa = XCConfigurationList;
			buildConfigurations = (
				8F43524F285781EC00260D9F /* Debug */,
				8F435250285781EC00260D9F /* Release */,
			);
			defaultConfigurationIsVisible = 0;
			defaultConfigurationName = Release;
		};
		8F435251285781EC00260D9F /* Build configuration list for PBXNativeTarget "ToDoUITests" */ = {
			isa = XCConfigurationList;
			buildConfigurations = (
				8F435252285781EC00260D9F /* Debug */,
				8F435253285781EC00260D9F /* Release */,
			);
			defaultConfigurationIsVisible = 0;
			defaultConfigurationName = Release;
		};
/* End XCConfigurationList section */

/* Begin XCVersionGroup section */
		8F43522A285781DF00260D9F /* ToDo.xcdatamodeld */ = {
			isa = XCVersionGroup;
			children = (
				8F43522B285781DF00260D9F /* ToDo.xcdatamodel */,
			);
			currentVersion = 8F43522B285781DF00260D9F /* ToDo.xcdatamodel */;
			path = ToDo.xcdatamodeld;
			sourceTree = "<group>";
			versionGroupType = wrapper.xcdatamodel;
		};
/* End XCVersionGroup section */
	};
	rootObject = 8F435216285781DF00260D9F /* Project object */;
}
